// !$*UTF8*$!
{
	archiveVersion = 1;
	classes = {
	};
	objectVersion = 55;
	objects = {

/* Begin PBXBuildFile section */
		4B0FFB5B27A7005E0016BECD /* AppDelegate.swift in Sources */ = {isa = PBXBuildFile; fileRef = 4B0FFB5A27A7005E0016BECD /* AppDelegate.swift */; };
		4B0FFB5D27A7005E0016BECD /* SceneDelegate.swift in Sources */ = {isa = PBXBuildFile; fileRef = 4B0FFB5C27A7005E0016BECD /* SceneDelegate.swift */; };
		4B0FFB5F27A7005E0016BECD /* ViewController.swift in Sources */ = {isa = PBXBuildFile; fileRef = 4B0FFB5E27A7005E0016BECD /* ViewController.swift */; };
		4B0FFB6227A7005E0016BECD /* Main.storyboard in Resources */ = {isa = PBXBuildFile; fileRef = 4B0FFB6027A7005E0016BECD /* Main.storyboard */; };
		4B0FFB6427A7005F0016BECD /* Assets.xcassets in Resources */ = {isa = PBXBuildFile; fileRef = 4B0FFB6327A7005F0016BECD /* Assets.xcassets */; };
		4B0FFB6727A7005F0016BECD /* LaunchScreen.storyboard in Resources */ = {isa = PBXBuildFile; fileRef = 4B0FFB6527A7005F0016BECD /* LaunchScreen.storyboard */; };
		4B0FFB7227A7005F0016BECD /* Morgage_CalculatorTests.swift in Sources */ = {isa = PBXBuildFile; fileRef = 4B0FFB7127A7005F0016BECD /* Morgage_CalculatorTests.swift */; };
		4B0FFB7C27A7005F0016BECD /* Morgage_CalculatorUITests.swift in Sources */ = {isa = PBXBuildFile; fileRef = 4B0FFB7B27A7005F0016BECD /* Morgage_CalculatorUITests.swift */; };
		4B0FFB7E27A7005F0016BECD /* Morgage_CalculatorUITestsLaunchTests.swift in Sources */ = {isa = PBXBuildFile; fileRef = 4B0FFB7D27A7005F0016BECD /* Morgage_CalculatorUITestsLaunchTests.swift */; };
/* End PBXBuildFile section */

/* Begin PBXContainerItemProxy section */
		4B0FFB6E27A7005F0016BECD /* PBXContainerItemProxy */ = {
			isa = PBXContainerItemProxy;
			containerPortal = 4B0FFB4F27A7005E0016BECD /* Project object */;
			proxyType = 1;
			remoteGlobalIDString = 4B0FFB5627A7005E0016BECD;
			remoteInfo = "Morgage Calculator";
		};
		4B0FFB7827A7005F0016BECD /* PBXContainerItemProxy */ = {
			isa = PBXContainerItemProxy;
			containerPortal = 4B0FFB4F27A7005E0016BECD /* Project object */;
			proxyType = 1;
			remoteGlobalIDString = 4B0FFB5627A7005E0016BECD;
			remoteInfo = "Morgage Calculator";
		};
/* End PBXContainerItemProxy section */

/* Begin PBXFileReference section */
		4B0FFB5727A7005E0016BECD /* Morgage Calculator.app */ = {isa = PBXFileReference; explicitFileType = wrapper.application; includeInIndex = 0; path = "Morgage Calculator.app"; sourceTree = BUILT_PRODUCTS_DIR; };
		4B0FFB5A27A7005E0016BECD /* AppDelegate.swift */ = {isa = PBXFileReference; lastKnownFileType = sourcecode.swift; path = AppDelegate.swift; sourceTree = "<group>"; };
		4B0FFB5C27A7005E0016BECD /* SceneDelegate.swift */ = {isa = PBXFileReference; lastKnownFileType = sourcecode.swift; path = SceneDelegate.swift; sourceTree = "<group>"; };
		4B0FFB5E27A7005E0016BECD /* ViewController.swift */ = {isa = PBXFileReference; lastKnownFileType = sourcecode.swift; path = ViewController.swift; sourceTree = "<group>"; };
		4B0FFB6127A7005E0016BECD /* Base */ = {isa = PBXFileReference; lastKnownFileType = file.storyboard; name = Base; path = Base.lproj/Main.storyboard; sourceTree = "<group>"; };
		4B0FFB6327A7005F0016BECD /* Assets.xcassets */ = {isa = PBXFileReference; lastKnownFileType = folder.assetcatalog; path = Assets.xcassets; sourceTree = "<group>"; };
		4B0FFB6627A7005F0016BECD /* Base */ = {isa = PBXFileReference; lastKnownFileType = file.storyboard; name = Base; path = Base.lproj/LaunchScreen.storyboard; sourceTree = "<group>"; };
		4B0FFB6827A7005F0016BECD /* Info.plist */ = {isa = PBXFileReference; lastKnownFileType = text.plist.xml; path = Info.plist; sourceTree = "<group>"; };
		4B0FFB6D27A7005F0016BECD /* Morgage CalculatorTests.xctest */ = {isa = PBXFileReference; explicitFileType = wrapper.cfbundle; includeInIndex = 0; path = "Morgage CalculatorTests.xctest"; sourceTree = BUILT_PRODUCTS_DIR; };
		4B0FFB7127A7005F0016BECD /* Morgage_CalculatorTests.swift */ = {isa = PBXFileReference; lastKnownFileType = sourcecode.swift; path = Morgage_CalculatorTests.swift; sourceTree = "<group>"; };
		4B0FFB7727A7005F0016BECD /* Morgage CalculatorUITests.xctest */ = {isa = PBXFileReference; explicitFileType = wrapper.cfbundle; includeInIndex = 0; path = "Morgage CalculatorUITests.xctest"; sourceTree = BUILT_PRODUCTS_DIR; };
		4B0FFB7B27A7005F0016BECD /* Morgage_CalculatorUITests.swift */ = {isa = PBXFileReference; lastKnownFileType = sourcecode.swift; path = Morgage_CalculatorUITests.swift; sourceTree = "<group>"; };
		4B0FFB7D27A7005F0016BECD /* Morgage_CalculatorUITestsLaunchTests.swift */ = {isa = PBXFileReference; lastKnownFileType = sourcecode.swift; path = Morgage_CalculatorUITestsLaunchTests.swift; sourceTree = "<group>"; };
/* End PBXFileReference section */

/* Begin PBXFrameworksBuildPhase section */
		4B0FFB5427A7005E0016BECD /* Frameworks */ = {
			isa = PBXFrameworksBuildPhase;
			buildActionMask = 2147483647;
			files = (
			);
			runOnlyForDeploymentPostprocessing = 0;
		};
		4B0FFB6A27A7005F0016BECD /* Frameworks */ = {
			isa = PBXFrameworksBuildPhase;
			buildActionMask = 2147483647;
			files = (
			);
			runOnlyForDeploymentPostprocessing = 0;
		};
		4B0FFB7427A7005F0016BECD /* Frameworks */ = {
			isa = PBXFrameworksBuildPhase;
			buildActionMask = 2147483647;
			files = (
			);
			runOnlyForDeploymentPostprocessing = 0;
		};
/* End PBXFrameworksBuildPhase section */

/* Begin PBXGroup section */
		4B0FFB4E27A7005E0016BECD = {
			isa = PBXGroup;
			children = (
				4B0FFB8A27A7235D0016BECD /* Packages */,
				4B0FFB5927A7005E0016BECD /* Morgage Calculator */,
				4B0FFB7027A7005F0016BECD /* Morgage CalculatorTests */,
				4B0FFB7A27A7005F0016BECD /* Morgage CalculatorUITests */,
				4B0FFB5827A7005E0016BECD /* Products */,
			);
			sourceTree = "<group>";
		};
		4B0FFB5827A7005E0016BECD /* Products */ = {
			isa = PBXGroup;
			children = (
				4B0FFB5727A7005E0016BECD /* Morgage Calculator.app */,
				4B0FFB6D27A7005F0016BECD /* Morgage CalculatorTests.xctest */,
				4B0FFB7727A7005F0016BECD /* Morgage CalculatorUITests.xctest */,
			);
			name = Products;
			sourceTree = "<group>";
		};
		4B0FFB5927A7005E0016BECD /* Morgage Calculator */ = {
			isa = PBXGroup;
			children = (
				4B0FFB5A27A7005E0016BECD /* AppDelegate.swift */,
				4B0FFB5C27A7005E0016BECD /* SceneDelegate.swift */,
				4B0FFB5E27A7005E0016BECD /* ViewController.swift */,
				4B0FFB6027A7005E0016BECD /* Main.storyboard */,
				4B0FFB6327A7005F0016BECD /* Assets.xcassets */,
				4B0FFB6527A7005F0016BECD /* LaunchScreen.storyboard */,
				4B0FFB6827A7005F0016BECD /* Info.plist */,
			);
			path = "Morgage Calculator";
			sourceTree = "<group>";
		};
		4B0FFB7027A7005F0016BECD /* Morgage CalculatorTests */ = {
			isa = PBXGroup;
			children = (
				4B0FFB7127A7005F0016BECD /* Morgage_CalculatorTests.swift */,
			);
			path = "Morgage CalculatorTests";
			sourceTree = "<group>";
		};
		4B0FFB7A27A7005F0016BECD /* Morgage CalculatorUITests */ = {
			isa = PBXGroup;
			children = (
				4B0FFB7B27A7005F0016BECD /* Morgage_CalculatorUITests.swift */,
				4B0FFB7D27A7005F0016BECD /* Morgage_CalculatorUITestsLaunchTests.swift */,
			);
			path = "Morgage CalculatorUITests";
			sourceTree = "<group>";
		};
		4B0FFB8A27A7235D0016BECD /* Packages */ = {
			isa = PBXGroup;
			children = (
			);
			name = Packages;
			sourceTree = "<group>";
		};
/* End PBXGroup section */

/* Begin PBXNativeTarget section */
		4B0FFB5627A7005E0016BECD /* Morgage Calculator */ = {
			isa = PBXNativeTarget;
			buildConfigurationList = 4B0FFB8127A7005F0016BECD /* Build configuration list for PBXNativeTarget "Morgage Calculator" */;
			buildPhases = (
				4B0FFB5327A7005E0016BECD /* Sources */,
				4B0FFB5427A7005E0016BECD /* Frameworks */,
				4B0FFB5527A7005E0016BECD /* Resources */,
			);
			buildRules = (
			);
			dependencies = (
			);
			name = "Morgage Calculator";
			productName = "Morgage Calculator";
			productReference = 4B0FFB5727A7005E0016BECD /* Morgage Calculator.app */;
			productType = "com.apple.product-type.application";
		};
		4B0FFB6C27A7005F0016BECD /* Morgage CalculatorTests */ = {
			isa = PBXNativeTarget;
			buildConfigurationList = 4B0FFB8427A7005F0016BECD /* Build configuration list for PBXNativeTarget "Morgage CalculatorTests" */;
			buildPhases = (
				4B0FFB6927A7005F0016BECD /* Sources */,
				4B0FFB6A27A7005F0016BECD /* Frameworks */,
				4B0FFB6B27A7005F0016BECD /* Resources */,
			);
			buildRules = (
			);
			dependencies = (
				4B0FFB6F27A7005F0016BECD /* PBXTargetDependency */,
			);
			name = "Morgage CalculatorTests";
			productName = "Morgage CalculatorTests";
			productReference = 4B0FFB6D27A7005F0016BECD /* Morgage CalculatorTests.xctest */;
			productType = "com.apple.product-type.bundle.unit-test";
		};
		4B0FFB7627A7005F0016BECD /* Morgage CalculatorUITests */ = {
			isa = PBXNativeTarget;
			buildConfigurationList = 4B0FFB8727A7005F0016BECD /* Build configuration list for PBXNativeTarget "Morgage CalculatorUITests" */;
			buildPhases = (
				4B0FFB7327A7005F0016BECD /* Sources */,
				4B0FFB7427A7005F0016BECD /* Frameworks */,
				4B0FFB7527A7005F0016BECD /* Resources */,
			);
			buildRules = (
			);
			dependencies = (
				4B0FFB7927A7005F0016BECD /* PBXTargetDependency */,
			);
			name = "Morgage CalculatorUITests";
			productName = "Morgage CalculatorUITests";
			productReference = 4B0FFB7727A7005F0016BECD /* Morgage CalculatorUITests.xctest */;
			productType = "com.apple.product-type.bundle.ui-testing";
		};
/* End PBXNativeTarget section */

/* Begin PBXProject section */
		4B0FFB4F27A7005E0016BECD /* Project object */ = {
			isa = PBXProject;
			attributes = {
				BuildIndependentTargetsInParallel = 1;
				LastSwiftUpdateCheck = 1320;
				LastUpgradeCheck = 1320;
				TargetAttributes = {
					4B0FFB5627A7005E0016BECD = {
						CreatedOnToolsVersion = 13.2.1;
					};
					4B0FFB6C27A7005F0016BECD = {
						CreatedOnToolsVersion = 13.2.1;
						TestTargetID = 4B0FFB5627A7005E0016BECD;
					};
					4B0FFB7627A7005F0016BECD = {
						CreatedOnToolsVersion = 13.2.1;
						TestTargetID = 4B0FFB5627A7005E0016BECD;
					};
				};
			};
			buildConfigurationList = 4B0FFB5227A7005E0016BECD /* Build configuration list for PBXProject "Morgage Calculator" */;
			compatibilityVersion = "Xcode 13.0";
			developmentRegion = en;
			hasScannedForEncodings = 0;
			knownRegions = (
				en,
				Base,
			);
			mainGroup = 4B0FFB4E27A7005E0016BECD;
			productRefGroup = 4B0FFB5827A7005E0016BECD /* Products */;
			projectDirPath = "";
			projectRoot = "";
			targets = (
				4B0FFB5627A7005E0016BECD /* Morgage Calculator */,
				4B0FFB6C27A7005F0016BECD /* Morgage CalculatorTests */,
				4B0FFB7627A7005F0016BECD /* Morgage CalculatorUITests */,
			);
		};
/* End PBXProject section */

/* Begin PBXResourcesBuildPhase section */
		4B0FFB5527A7005E0016BECD /* Resources */ = {
			isa = PBXResourcesBuildPhase;
			buildActionMask = 2147483647;
			files = (
				4B0FFB6727A7005F0016BECD /* LaunchScreen.storyboard in Resources */,
				4B0FFB6427A7005F0016BECD /* Assets.xcassets in Resources */,
				4B0FFB6227A7005E0016BECD /* Main.storyboard in Resources */,
			);
			runOnlyForDeploymentPostprocessing = 0;
		};
		4B0FFB6B27A7005F0016BECD /* Resources */ = {
			isa = PBXResourcesBuildPhase;
			buildActionMask = 2147483647;
			files = (
			);
			runOnlyForDeploymentPostprocessing = 0;
		};
		4B0FFB7527A7005F0016BECD /* Resources */ = {
			isa = PBXResourcesBuildPhase;
			buildActionMask = 2147483647;
			files = (
			);
			runOnlyForDeploymentPostprocessing = 0;
		};
/* End PBXResourcesBuildPhase section */

/* Begin PBXSourcesBuildPhase section */
		4B0FFB5327A7005E0016BECD /* Sources */ = {
			isa = PBXSourcesBuildPhase;
			buildActionMask = 2147483647;
			files = (
				4B0FFB5F27A7005E0016BECD /* ViewController.swift in Sources */,
				4B0FFB5B27A7005E0016BECD /* AppDelegate.swift in Sources */,
				4B0FFB5D27A7005E0016BECD /* SceneDelegate.swift in Sources */,
			);
			runOnlyForDeploymentPostprocessing = 0;
		};
		4B0FFB6927A7005F0016BECD /* Sources */ = {
			isa = PBXSourcesBuildPhase;
			buildActionMask = 2147483647;
			files = (
				4B0FFB7227A7005F0016BECD /* Morgage_CalculatorTests.swift in Sources */,
			);
			runOnlyForDeploymentPostprocessing = 0;
		};
		4B0FFB7327A7005F0016BECD /* Sources */ = {
			isa = PBXSourcesBuildPhase;
			buildActionMask = 2147483647;
			files = (
				4B0FFB7C27A7005F0016BECD /* Morgage_CalculatorUITests.swift in Sources */,
				4B0FFB7E27A7005F0016BECD /* Morgage_CalculatorUITestsLaunchTests.swift in Sources */,
			);
			runOnlyForDeploymentPostprocessing = 0;
		};
/* End PBXSourcesBuildPhase section */

/* Begin PBXTargetDependency section */
		4B0FFB6F27A7005F0016BECD /* PBXTargetDependency */ = {
			isa = PBXTargetDependency;
			target = 4B0FFB5627A7005E0016BECD /* Morgage Calculator */;
			targetProxy = 4B0FFB6E27A7005F0016BECD /* PBXContainerItemProxy */;
		};
		4B0FFB7927A7005F0016BECD /* PBXTargetDependency */ = {
			isa = PBXTargetDependency;
			target = 4B0FFB5627A7005E0016BECD /* Morgage Calculator */;
			targetProxy = 4B0FFB7827A7005F0016BECD /* PBXContainerItemProxy */;
		};
/* End PBXTargetDependency section */

/* Begin PBXVariantGroup section */
		4B0FFB6027A7005E0016BECD /* Main.storyboard */ = {
			isa = PBXVariantGroup;
			children = (
				4B0FFB6127A7005E0016BECD /* Base */,
			);
			name = Main.storyboard;
			sourceTree = "<group>";
		};
		4B0FFB6527A7005F0016BECD /* LaunchScreen.storyboard */ = {
			isa = PBXVariantGroup;
			children = (
				4B0FFB6627A7005F0016BECD /* Base */,
			);
			name = LaunchScreen.storyboard;
			sourceTree = "<group>";
		};
/* End PBXVariantGroup section */

/* Begin XCBuildConfiguration section */
		4B0FFB7F27A7005F0016BECD /* Debug */ = {
			isa = XCBuildConfiguration;
			buildSettings = {
				ALWAYS_SEARCH_USER_PATHS = NO;
				CLANG_ANALYZER_NONNULL = YES;
				CLANG_ANALYZER_NUMBER_OBJECT_CONVERSION = YES_AGGRESSIVE;
				CLANG_CXX_LANGUAGE_STANDARD = "gnu++17";
				CLANG_CXX_LIBRARY = "libc++";
				CLANG_ENABLE_MODULES = YES;
				CLANG_ENABLE_OBJC_ARC = YES;
				CLANG_ENABLE_OBJC_WEAK = YES;
				CLANG_WARN_BLOCK_CAPTURE_AUTORELEASING = YES;
				CLANG_WARN_BOOL_CONVERSION = YES;
				CLANG_WARN_COMMA = YES;
				CLANG_WARN_CONSTANT_CONVERSION = YES;
				CLANG_WARN_DEPRECATED_OBJC_IMPLEMENTATIONS = YES;
				CLANG_WARN_DIRECT_OBJC_ISA_USAGE = YES_ERROR;
				CLANG_WARN_DOCUMENTATION_COMMENTS = YES;
				CLANG_WARN_EMPTY_BODY = YES;
				CLANG_WARN_ENUM_CONVERSION = YES;
				CLANG_WARN_INFINITE_RECURSION = YES;
				CLANG_WARN_INT_CONVERSION = YES;
				CLANG_WARN_NON_LITERAL_NULL_CONVERSION = YES;
				CLANG_WARN_OBJC_IMPLICIT_RETAIN_SELF = YES;
				CLANG_WARN_OBJC_LITERAL_CONVERSION = YES;
				CLANG_WARN_OBJC_ROOT_CLASS = YES_ERROR;
				CLANG_WARN_QUOTED_INCLUDE_IN_FRAMEWORK_HEADER = YES;
				CLANG_WARN_RANGE_LOOP_ANALYSIS = YES;
				CLANG_WARN_STRICT_PROTOTYPES = YES;
				CLANG_WARN_SUSPICIOUS_MOVE = YES;
				CLANG_WARN_UNGUARDED_AVAILABILITY = YES_AGGRESSIVE;
				CLANG_WARN_UNREACHABLE_CODE = YES;
				CLANG_WARN__DUPLICATE_METHOD_MATCH = YES;
				COPY_PHASE_STRIP = NO;
				DEBUG_INFORMATION_FORMAT = dwarf;
				ENABLE_STRICT_OBJC_MSGSEND = YES;
				ENABLE_TESTABILITY = YES;
				GCC_C_LANGUAGE_STANDARD = gnu11;
				GCC_DYNAMIC_NO_PIC = NO;
				GCC_NO_COMMON_BLOCKS = YES;
				GCC_OPTIMIZATION_LEVEL = 0;
				GCC_PREPROCESSOR_DEFINITIONS = (
					"DEBUG=1",
					"$(inherited)",
				);
				GCC_WARN_64_TO_32_BIT_CONVERSION = YES;
				GCC_WARN_ABOUT_RETURN_TYPE = YES_ERROR;
				GCC_WARN_UNDECLARED_SELECTOR = YES;
				GCC_WARN_UNINITIALIZED_AUTOS = YES_AGGRESSIVE;
				GCC_WARN_UNUSED_FUNCTION = YES;
				GCC_WARN_UNUSED_VARIABLE = YES;
				IPHONEOS_DEPLOYMENT_TARGET = 15.2;
				MTL_ENABLE_DEBUG_INFO = INCLUDE_SOURCE;
				MTL_FAST_MATH = YES;
				ONLY_ACTIVE_ARCH = YES;
				SDKROOT = iphoneos;
				SWIFT_ACTIVE_COMPILATION_CONDITIONS = DEBUG;
				SWIFT_OPTIMIZATION_LEVEL = "-Onone";
			};
			name = Debug;
		};
		4B0FFB8027A7005F0016BECD /* Release */ = {
			isa = XCBuildConfiguration;
			buildSettings = {
				ALWAYS_SEARCH_USER_PATHS = NO;
				CLANG_ANALYZER_NONNULL = YES;
				CLANG_ANALYZER_NUMBER_OBJECT_CONVERSION = YES_AGGRESSIVE;
				CLANG_CXX_LANGUAGE_STANDARD = "gnu++17";
				CLANG_CXX_LIBRARY = "libc++";
				CLANG_ENABLE_MODULES = YES;
				CLANG_ENABLE_OBJC_ARC = YES;
				CLANG_ENABLE_OBJC_WEAK = YES;
				CLANG_WARN_BLOCK_CAPTURE_AUTORELEASING = YES;
				CLANG_WARN_BOOL_CONVERSION = YES;
				CLANG_WARN_COMMA = YES;
				CLANG_WARN_CONSTANT_CONVERSION = YES;
				CLANG_WARN_DEPRECATED_OBJC_IMPLEMENTATIONS = YES;
				CLANG_WARN_DIRECT_OBJC_ISA_USAGE = YES_ERROR;
				CLANG_WARN_DOCUMENTATION_COMMENTS = YES;
				CLANG_WARN_EMPTY_BODY = YES;
				CLANG_WARN_ENUM_CONVERSION = YES;
				CLANG_WARN_INFINITE_RECURSION = YES;
				CLANG_WARN_INT_CONVERSION = YES;
				CLANG_WARN_NON_LITERAL_NULL_CONVERSION = YES;
				CLANG_WARN_OBJC_IMPLICIT_RETAIN_SELF = YES;
				CLANG_WARN_OBJC_LITERAL_CONVERSION = YES;
				CLANG_WARN_OBJC_ROOT_CLASS = YES_ERROR;
				CLANG_WARN_QUOTED_INCLUDE_IN_FRAMEWORK_HEADER = YES;
				CLANG_WARN_RANGE_LOOP_ANALYSIS = YES;
				CLANG_WARN_STRICT_PROTOTYPES = YES;
				CLANG_WARN_SUSPICIOUS_MOVE = YES;
				CLANG_WARN_UNGUARDED_AVAILABILITY = YES_AGGRESSIVE;
				CLANG_WARN_UNREACHABLE_CODE = YES;
				CLANG_WARN__DUPLICATE_METHOD_MATCH = YES;
				COPY_PHASE_STRIP = NO;
				DEBUG_INFORMATION_FORMAT = "dwarf-with-dsym";
				ENABLE_NS_ASSERTIONS = NO;
				ENABLE_STRICT_OBJC_MSGSEND = YES;
				GCC_C_LANGUAGE_STANDARD = gnu11;
				GCC_NO_COMMON_BLOCKS = YES;
				GCC_WARN_64_TO_32_BIT_CONVERSION = YES;
				GCC_WARN_ABOUT_RETURN_TYPE = YES_ERROR;
				GCC_WARN_UNDECLARED_SELECTOR = YES;
				GCC_WARN_UNINITIALIZED_AUTOS = YES_AGGRESSIVE;
				GCC_WARN_UNUSED_FUNCTION = YES;
				GCC_WARN_UNUSED_VARIABLE = YES;
				IPHONEOS_DEPLOYMENT_TARGET = 15.2;
				MTL_ENABLE_DEBUG_INFO = NO;
				MTL_FAST_MATH = YES;
				SDKROOT = iphoneos;
				SWIFT_COMPILATION_MODE = wholemodule;
				SWIFT_OPTIMIZATION_LEVEL = "-O";
				VALIDATE_PRODUCT = YES;
			};
			name = Release;
		};
		4B0FFB8227A7005F0016BECD /* Debug */ = {
			isa = XCBuildConfiguration;
			buildSettings = {
				ASSETCATALOG_COMPILER_APPICON_NAME = AppIcon;
				ASSETCATALOG_COMPILER_GLOBAL_ACCENT_COLOR_NAME = AccentColor;
				CODE_SIGN_STYLE = Automatic;
				CURRENT_PROJECT_VERSION = 1;
				DEVELOPMENT_TEAM = G6MJ8R4B2Z;
				GENERATE_INFOPLIST_FILE = YES;
				INFOPLIST_FILE = "Morgage Calculator/Info.plist";
				INFOPLIST_KEY_UIApplicationSupportsIndirectInputEvents = YES;
				INFOPLIST_KEY_UILaunchStoryboardName = LaunchScreen;
				INFOPLIST_KEY_UIMainStoryboardFile = Main;
				INFOPLIST_KEY_UISupportedInterfaceOrientations_iPad = "UIInterfaceOrientationPortrait UIInterfaceOrientationPortraitUpsideDown UIInterfaceOrientationLandscapeLeft UIInterfaceOrientationLandscapeRight";
				INFOPLIST_KEY_UISupportedInterfaceOrientations_iPhone = "UIInterfaceOrientationPortrait UIInterfaceOrientationLandscapeLeft UIInterfaceOrientationLandscapeRight";
				LD_RUNPATH_SEARCH_PATHS = (
					"$(inherited)",
					"@executable_path/Frameworks",
				);
				MARKETING_VERSION = 1.0;
				PRODUCT_BUNDLE_IDENTIFIER = "Katie.Morgage-Calculator";
				PRODUCT_NAME = "$(TARGET_NAME)";
				SWIFT_EMIT_LOC_STRINGS = YES;
				SWIFT_VERSION = 5.0;
				TARGETED_DEVICE_FAMILY = "1,2";
			};
			name = Debug;
		};
		4B0FFB8327A7005F0016BECD /* Release */ = {
			isa = XCBuildConfiguration;
			buildSettings = {
				ASSETCATALOG_COMPILER_APPICON_NAME = AppIcon;
				ASSETCATALOG_COMPILER_GLOBAL_ACCENT_COLOR_NAME = AccentColor;
				CODE_SIGN_STYLE = Automatic;
				CURRENT_PROJECT_VERSION = 1;
				DEVELOPMENT_TEAM = G6MJ8R4B2Z;
				GENERATE_INFOPLIST_FILE = YES;
				INFOPLIST_FILE = "Morgage Calculator/Info.plist";
				INFOPLIST_KEY_UIApplicationSupportsIndirectInputEvents = YES;
				INFOPLIST_KEY_UILaunchStoryboardName = LaunchScreen;
				INFOPLIST_KEY_UIMainStoryboardFile = Main;
				INFOPLIST_KEY_UISupportedInterfaceOrientations_iPad = "UIInterfaceOrientationPortrait UIInterfaceOrientationPortraitUpsideDown UIInterfaceOrientationLandscapeLeft UIInterfaceOrientationLandscapeRight";
				INFOPLIST_KEY_UISupportedInterfaceOrientations_iPhone = "UIInterfaceOrientationPortrait UIInterfaceOrientationLandscapeLeft UIInterfaceOrientationLandscapeRight";
				LD_RUNPATH_SEARCH_PATHS = (
					"$(inherited)",
					"@executable_path/Frameworks",
				);
				MARKETING_VERSION = 1.0;
				PRODUCT_BUNDLE_IDENTIFIER = "Katie.Morgage-Calculator";
				PRODUCT_NAME = "$(TARGET_NAME)";
				SWIFT_EMIT_LOC_STRINGS = YES;
				SWIFT_VERSION = 5.0;
				TARGETED_DEVICE_FAMILY = "1,2";
			};
			name = Release;
		};
		4B0FFB8527A7005F0016BECD /* Debug */ = {
			isa = XCBuildConfiguration;
			buildSettings = {
				ALWAYS_EMBED_SWIFT_STANDARD_LIBRARIES = YES;
				BUNDLE_LOADER = "$(TEST_HOST)";
				CODE_SIGN_STYLE = Automatic;
				CURRENT_PROJECT_VERSION = 1;
				DEVELOPMENT_TEAM = G6MJ8R4B2Z;
				GENERATE_INFOPLIST_FILE = YES;
				IPHONEOS_DEPLOYMENT_TARGET = 15.2;
				MARKETING_VERSION = 1.0;
				PRODUCT_BUNDLE_IDENTIFIER = "Katie.Morgage-CalculatorTests";
				PRODUCT_NAME = "$(TARGET_NAME)";
				SWIFT_EMIT_LOC_STRINGS = NO;
				SWIFT_VERSION = 5.0;
				TARGETED_DEVICE_FAMILY = "1,2";
				TEST_HOST = "$(BUILT_PRODUCTS_DIR)/Morgage Calculator.app/Morgage Calculator";
			};
			name = Debug;
		};
		4B0FFB8627A7005F0016BECD /* Release */ = {
			isa = XCBuildConfiguration;
			buildSettings = {
				ALWAYS_EMBED_SWIFT_STANDARD_LIBRARIES = YES;
				BUNDLE_LOADER = "$(TEST_HOST)";
				CODE_SIGN_STYLE = Automatic;
				CURRENT_PROJECT_VERSION = 1;
				DEVELOPMENT_TEAM = G6MJ8R4B2Z;
				GENERATE_INFOPLIST_FILE = YES;
				IPHONEOS_DEPLOYMENT_TARGET = 15.2;
				MARKETING_VERSION = 1.0;
				PRODUCT_BUNDLE_IDENTIFIER = "Katie.Morgage-CalculatorTests";
				PRODUCT_NAME = "$(TARGET_NAME)";
				SWIFT_EMIT_LOC_STRINGS = NO;
				SWIFT_VERSION = 5.0;
				TARGETED_DEVICE_FAMILY = "1,2";
				TEST_HOST = "$(BUILT_PRODUCTS_DIR)/Morgage Calculator.app/Morgage Calculator";
			};
			name = Release;
		};
		4B0FFB8827A7005F0016BECD /* Debug */ = {
			isa = XCBuildConfiguration;
			buildSettings = {
				ALWAYS_EMBED_SWIFT_STANDARD_LIBRARIES = YES;
				CODE_SIGN_STYLE = Automatic;
				CURRENT_PROJECT_VERSION = 1;
				DEVELOPMENT_TEAM = G6MJ8R4B2Z;
				GENERATE_INFOPLIST_FILE = YES;
				MARKETING_VERSION = 1.0;
				PRODUCT_BUNDLE_IDENTIFIER = "Katie.Morgage-CalculatorUITests";
				PRODUCT_NAME = "$(TARGET_NAME)";
				SWIFT_EMIT_LOC_STRINGS = NO;
				SWIFT_VERSION = 5.0;
				TARGETED_DEVICE_FAMILY = "1,2";
				TEST_TARGET_NAME = "Morgage Calculator";
			};
			name = Debug;
		};
		4B0FFB8927A7005F0016BECD /* Release */ = {
			isa = XCBuildConfiguration;
			buildSettings = {
				ALWAYS_EMBED_SWIFT_STANDARD_LIBRARIES = YES;
				CODE_SIGN_STYLE = Automatic;
				CURRENT_PROJECT_VERSION = 1;
				DEVELOPMENT_TEAM = G6MJ8R4B2Z;
				GENERATE_INFOPLIST_FILE = YES;
				MARKETING_VERSION = 1.0;
				PRODUCT_BUNDLE_IDENTIFIER = "Katie.Morgage-CalculatorUITests";
				PRODUCT_NAME = "$(TARGET_NAME)";
				SWIFT_EMIT_LOC_STRINGS = NO;
				SWIFT_VERSION = 5.0;
				TARGETED_DEVICE_FAMILY = "1,2";
				TEST_TARGET_NAME = "Morgage Calculator";
			};
			name = Release;
		};
/* End XCBuildConfiguration section */

/* Begin XCConfigurationList section */
		4B0FFB5227A7005E0016BECD /* Build configuration list for PBXProject "Morgage Calculator" */ = {
			isa = XCConfigurationList;
			buildConfigurations = (
				4B0FFB7F27A7005F0016BECD /* Debug */,
				4B0FFB8027A7005F0016BECD /* Release */,
			);
			defaultConfigurationIsVisible = 0;
			defaultConfigurationName = Release;
		};
		4B0FFB8127A7005F0016BECD /* Build configuration list for PBXNativeTarget "Morgage Calculator" */ = {
			isa = XCConfigurationList;
			buildConfigurations = (
				4B0FFB8227A7005F0016BECD /* Debug */,
				4B0FFB8327A7005F0016BECD /* Release */,
			);
			defaultConfigurationIsVisible = 0;
			defaultConfigurationName = Release;
		};
		4B0FFB8427A7005F0016BECD /* Build configuration list for PBXNativeTarget "Morgage CalculatorTests" */ = {
			isa = XCConfigurationList;
			buildConfigurations = (
				4B0FFB8527A7005F0016BECD /* Debug */,
				4B0FFB8627A7005F0016BECD /* Release */,
			);
			defaultConfigurationIsVisible = 0;
			defaultConfigurationName = Release;
		};
		4B0FFB8727A7005F0016BECD /* Build configuration list for PBXNativeTarget "Morgage CalculatorUITests" */ = {
			isa = XCConfigurationList;
			buildConfigurations = (
				4B0FFB8827A7005F0016BECD /* Debug */,
				4B0FFB8927A7005F0016BECD /* Release */,
			);
			defaultConfigurationIsVisible = 0;
			defaultConfigurationName = Release;
		};
/* End XCConfigurationList section */
	};
	rootObject = 4B0FFB4F27A7005E0016BECD /* Project object */;
}
